version = 1
revision = 3
requires-python = ">=3.12"

[[package]]
name = "appscript"
version = "1.3.0"
source = { registry = "https://pypi.org/simple" }
dependencies = [
    { name = "lxml" },
]
sdist = { url = "https://files.pythonhosted.org/packages/a3/84/5c0aec149c6a002d46af17e3d2c5efbe5e8258ef7574cfc17cd1b26c726e/appscript-1.3.0.tar.gz", hash = "sha256:80943118bc97f9f78a8aa55f85565752ed4d82c7893427d7d9ebfdf401c12b2c", size = 295205, upload-time = "2024-10-13T12:34:00.57Z" }
wheels = [
    { url = "https://files.pythonhosted.org/packages/b8/e2/05fd221bea1d309211569130a1a8f0966eb56394e46df068a69df0f29d61/appscript-1.3.0-cp312-cp312-macosx_10_13_universal2.whl", hash = "sha256:c0b5c160908de728072d4a0ae57f286608c5d7692bfccbc6eadde868aac2742b", size = 99575, upload-time = "2024-10-13T12:33:53.629Z" },
    { url = "https://files.pythonhosted.org/packages/df/2f/3ee4190ce97b0b39df58184210d3baaa5fe59ae0972e63c2c85f122ca887/appscript-1.3.0-cp312-cp312-macosx_10_13_x86_64.whl", hash = "sha256:d2a287b81030c81017127d4fb1c24729623576c50d2ff41694476b9af3ce0a97", size = 85496, upload-time = "2024-10-13T12:33:55.108Z" },
    { url = "https://files.pythonhosted.org/packages/92/5a/3b642e3e904fb37d45e40bb07b4362979160bdecb0d37aa74f2506b1a47e/appscript-1.3.0-cp313-cp313-macosx_10_13_universal2.whl", hash = "sha256:13094640e2694b888827d4e133f33dad1e08c9d7102b447c3cc8a73246fdab40", size = 99574, upload-time = "2024-10-13T12:33:56.317Z" },
    { url = "https://files.pythonhosted.org/packages/5c/bc/d8558bec737e02a9c404fb3b985b8636c313bb65a176375d551cb839e876/appscript-1.3.0-cp313-cp313-macosx_10_13_x86_64.whl", hash = "sha256:e7b4760105810e9b1ecd5b40aba7617e0a047346fb94ee4370e9d37e4383b78d", size = 85503, upload-time = "2024-10-13T12:33:57.54Z" },
]

[[package]]
name = "et-xmlfile"
version = "2.0.0"
source = { registry = "https://pypi.org/simple" }
sdist = { url = "https://files.pythonhosted.org/packages/d3/38/af70d7ab1ae9d4da450eeec1fa3918940a5fafb9055e934af8d6eb0c2313/et_xmlfile-2.0.0.tar.gz", hash = "sha256:dab3f4764309081ce75662649be815c4c9081e88f0837825f90fd28317d4da54", size = 17234, upload-time = "2024-10-25T17:25:40.039Z" }
wheels = [
    { url = "https://files.pythonhosted.org/packages/c1/8b/5fe2cc11fee489817272089c4203e679c63b570a5aaeb18d852ae3cbba6a/et_xmlfile-2.0.0-py3-none-any.whl", hash = "sha256:7a91720bc756843502c3b7504c77b8fe44217c85c537d85037f0f536151b2caa", size = 18059, upload-time = "2024-10-25T17:25:39.051Z" },
]

[[package]]
name = "lxml"
version = "6.0.1"
source = { registry = "https://pypi.org/simple" }
sdist = { url = "https://files.pythonhosted.org/packages/8f/bd/f9d01fd4132d81c6f43ab01983caea69ec9614b913c290a26738431a015d/lxml-6.0.1.tar.gz", hash = "sha256:2b3a882ebf27dd026df3801a87cf49ff791336e0f94b0fad195db77e01240690", size = 4070214, upload-time = "2025-08-22T10:37:53.525Z" }
wheels = [
    { url = "https://files.pythonhosted.org/packages/b0/a9/82b244c8198fcdf709532e39a1751943a36b3e800b420adc739d751e0299/lxml-6.0.1-cp312-cp312-macosx_10_13_universal2.whl", hash = "sha256:c03ac546adaabbe0b8e4a15d9ad815a281afc8d36249c246aecf1aaad7d6f200", size = 8422788, upload-time = "2025-08-22T10:32:56.612Z" },
    { url = "https://files.pythonhosted.org/packages/c9/8d/1ed2bc20281b0e7ed3e6c12b0a16e64ae2065d99be075be119ba88486e6d/lxml-6.0.1-cp312-cp312-macosx_10_13_x86_64.whl", hash = "sha256:33b862c7e3bbeb4ba2c96f3a039f925c640eeba9087a4dc7a572ec0f19d89392", size = 4593547, upload-time = "2025-08-22T10:32:59.016Z" },
    { url = "https://files.pythonhosted.org/packages/43/c4/cd757eeec4548e6652eff50b944079d18ce5f8182d2b2cf514e125e8fbcb/lxml-6.0.1-cp313-cp313-macosx_10_13_universal2.whl", hash = "sha256:485eda5d81bb7358db96a83546949c5fe7474bec6c68ef3fa1fb61a584b00eea", size = 8405139, upload-time = "2025-08-22T10:33:34.09Z" },
    { url = "https://files.pythonhosted.org/packages/ff/99/0290bb86a7403893f5e9658490c705fcea103b9191f2039752b071b4ef07/lxml-6.0.1-cp313-cp313-macosx_10_13_x86_64.whl", hash = "sha256:d12160adea318ce3d118f0b4fbdff7d1225c75fb7749429541b4d217b85c3f76", size = 4585954, upload-time = "2025-08-22T10:33:36.294Z" },
    { url = "https://files.pythonhosted.org/packages/38/e3/b7eb612ce07abe766918a7e581ec6a0e5212352194001fd287c3ace945f0/lxml-6.0.1-cp314-cp314-macosx_10_13_universal2.whl", hash = "sha256:29b0e849ec7030e3ecb6112564c9f7ad6881e3b2375dd4a0c486c5c1f3a33859", size = 8426160, upload-time = "2025-08-22T10:34:10.154Z" },
    { url = "https://files.pythonhosted.org/packages/35/8f/ab3639a33595cf284fe733c6526da2ca3afbc5fd7f244ae67f3303cec654/lxml-6.0.1-cp314-cp314-macosx_10_13_x86_64.whl", hash = "sha256:02a0f7e629f73cc0be598c8b0611bf28ec3b948c549578a26111b01307fd4051", size = 4589288, upload-time = "2025-08-22T10:34:12.972Z" },
]

[[package]]
name = "openpyxl"
version = "3.1.5"
source = { registry = "https://pypi.org/simple" }
dependencies = [
    { name = "et-xmlfile" },
]
sdist = { url = "https://files.pythonhosted.org/packages/3d/f9/88d94a75de065ea32619465d2f77b29a0469500e99012523b91cc4141cd1/openpyxl-3.1.5.tar.gz", hash = "sha256:cf0e3cf56142039133628b5acffe8ef0c12bc902d2aadd3e0fe5878dc08d1050", size = 186464, upload-time = "2024-06-28T14:03:44.161Z" }
wheels = [
    { url = "https://files.pythonhosted.org/packages/c0/da/977ded879c29cbd04de313843e76868e6e13408a94ed6b987245dc7c8506/openpyxl-3.1.5-py2.py3-none-any.whl", hash = "sha256:5282c12b107bffeef825f4617dc029afaf41d0ea60823bbb665ef3079dc79de2", size = 250910, upload-time = "2024-06-28T14:03:41.161Z" },
]

[[package]]
name = "psutil"
version = "7.0.0"
source = { registry = "https://pypi.org/simple" }
sdist = { url = "https://files.pythonhosted.org/packages/2a/80/336820c1ad9286a4ded7e845b2eccfcb27851ab8ac6abece774a6ff4d3de/psutil-7.0.0.tar.gz", hash = "sha256:7be9c3eba38beccb6495ea33afd982a44074b78f28c434a1f51cc07fd315c456", size = 497003, upload-time = "2025-02-13T21:54:07.946Z" }
wheels = [
    { url = "https://files.pythonhosted.org/packages/ed/e6/2d26234410f8b8abdbf891c9da62bee396583f713fb9f3325a4760875d22/psutil-7.0.0-cp36-abi3-macosx_10_9_x86_64.whl", hash = "sha256:101d71dc322e3cffd7cea0650b09b3d08b8e7c4109dd6809fe452dfd00e58b25", size = 238051, upload-time = "2025-02-13T21:54:12.36Z" },
    { url = "https://files.pythonhosted.org/packages/04/8b/30f930733afe425e3cbfc0e1468a30a18942350c1a8816acfade80c005c4/psutil-7.0.0-cp36-abi3-macosx_11_0_arm64.whl", hash = "sha256:39db632f6bb862eeccf56660871433e111b6ea58f2caea825571951d4b6aa3da", size = 239535, upload-time = "2025-02-13T21:54:16.07Z" },
]

[[package]]
name = "pywin32"
version = "311"
source = { registry = "https://pypi.org/simple" }
wheels = [
    { url = "https://files.pythonhosted.org/packages/e7/ab/01ea1943d4eba0f850c3c61e78e8dd59757ff815ff3ccd0a84de5f541f42/pywin32-311-cp312-cp312-win32.whl", hash = "sha256:750ec6e621af2b948540032557b10a2d43b0cee2ae9758c54154d711cc852d31", size = 8706543, upload-time = "2025-07-14T20:13:20.765Z" },
    { url = "https://files.pythonhosted.org/packages/d1/a8/a0e8d07d4d051ec7502cd58b291ec98dcc0c3fff027caad0470b72cfcc2f/pywin32-311-cp312-cp312-win_amd64.whl", hash = "sha256:b8c095edad5c211ff31c05223658e71bf7116daa0ecf3ad85f3201ea3190d067", size = 9495040, upload-time = "2025-07-14T20:13:22.543Z" },
    { url = "https://files.pythonhosted.org/packages/ba/3a/2ae996277b4b50f17d61f0603efd8253cb2d79cc7ae159468007b586396d/pywin32-311-cp312-cp312-win_arm64.whl", hash = "sha256:e286f46a9a39c4a18b319c28f59b61de793654af2f395c102b4f819e584b5852", size = 8710102, upload-time = "2025-07-14T20:13:24.682Z" },
    { url = "https://files.pythonhosted.org/packages/a5/be/3fd5de0979fcb3994bfee0d65ed8ca9506a8a1260651b86174f6a86f52b3/pywin32-311-cp313-cp313-win32.whl", hash = "sha256:f95ba5a847cba10dd8c4d8fefa9f2a6cf283b8b88ed6178fa8a6c1ab16054d0d", size = 8705700, upload-time = "2025-07-14T20:13:26.471Z" },
    { url = "https://files.pythonhosted.org/packages/e3/28/e0a1909523c6890208295a29e05c2adb2126364e289826c0a8bc7297bd5c/pywin32-311-cp313-cp313-win_amd64.whl", hash = "sha256:718a38f7e5b058e76aee1c56ddd06908116d35147e133427e59a3983f703a20d", size = 9494700, upload-time = "2025-07-14T20:13:28.243Z" },
    { url = "https://files.pythonhosted.org/packages/04/bf/90339ac0f55726dce7d794e6d79a18a91265bdf3aa70b6b9ca52f35e022a/pywin32-311-cp313-cp313-win_arm64.whl", hash = "sha256:7b4075d959648406202d92a2310cb990fea19b535c7f4a78d3f5e10b926eeb8a", size = 8709318, upload-time = "2025-07-14T20:13:30.348Z" },
    { url = "https://files.pythonhosted.org/packages/c9/31/097f2e132c4f16d99a22bfb777e0fd88bd8e1c634304e102f313af69ace5/pywin32-311-cp314-cp314-win32.whl", hash = "sha256:b7a2c10b93f8986666d0c803ee19b5990885872a7de910fc460f9b0c2fbf92ee", size = 8840714, upload-time = "2025-07-14T20:13:32.449Z" },
    { url = "https://files.pythonhosted.org/packages/90/4b/07c77d8ba0e01349358082713400435347df8426208171ce297da32c313d/pywin32-311-cp314-cp314-win_amd64.whl", hash = "sha256:3aca44c046bd2ed8c90de9cb8427f581c479e594e99b5c0bb19b29c10fd6cb87", size = 9656800, upload-time = "2025-07-14T20:13:34.312Z" },
    { url = "https://files.pythonhosted.org/packages/c0/d2/21af5c535501a7233e734b8af901574572da66fcc254cb35d0609c9080dd/pywin32-311-cp314-cp314-win_arm64.whl", hash = "sha256:a508e2d9025764a8270f93111a970e1d0fbfc33f4153b388bb649b7eec4f9b42", size = 8932540, upload-time = "2025-07-14T20:13:36.379Z" },
]

[[package]]
name = "rea"
version = "0.1.0"
source = { virtual = "." }
dependencies = [
    { name = "openpyxl" },
    { name = "xlwings" },
]

[package.metadata]
requires-dist = [
    { name = "openpyxl", specifier = ">=3.1.5" },
    { name = "xlwings", specifier = ">=0.33.15" },
]

[[package]]
name = "xlwings"
version = "0.33.15"
source = { registry = "https://pypi.org/simple" }
dependencies = [
    { name = "appscript", marker = "sys_platform == 'darwin'" },
    { name = "psutil", marker = "sys_platform == 'darwin'" },
    { name = "pywin32", marker = "sys_platform == 'win32'" },
]
sdist = { url = "https://files.pythonhosted.org/packages/ba/02/15d3d2f5c1ad526a925fe0549a7f0ae35e19ca9cfecf94e61b0891ce5e3d/xlwings-0.33.15.tar.gz", hash = "sha256:c3fdeda516d87cfda0316daf3b97b49e31bde577007cefb6b6a245850546daa6", size = 15703229, upload-time = "2025-05-21T08:50:39.205Z" }
wheels = [
    { url = "https://files.pythonhosted.org/packages/2d/c0/633e07076326d9d3c815082354b8c2ec0088aff671f213aa444e40429c23/xlwings-0.33.15-cp312-cp312-macosx_10_12_x86_64.whl", hash = "sha256:9706811cd15d29ce790e677b021e6c7b448c44d63ef51d2b6dd51d102cfa4b59", size = 1415275, upload-time = "2025-05-21T08:51:04.426Z" },
    { url = "https://files.pythonhosted.org/packages/25/83/f61207ebc83218a153d3a94c97708ae32a769e5131fee17c6e1bc9f26d35/xlwings-0.33.15-cp312-cp312-macosx_11_0_arm64.whl", hash = "sha256:dbed48fabbea5bd7dc00d72a0179b880508800536a8475c168217f136d51cb97", size = 1401706, upload-time = "2025-05-21T08:51:05.633Z" },
    { url = "https://files.pythonhosted.org/packages/06/59/1bf52467bde675bdcc3f985658514b4a9f3349e141d95d5f5f52f5e164c6/xlwings-0.33.15-cp312-cp312-manylinux_2_17_aarch64.manylinux2014_aarch64.whl", hash = "sha256:e184e62ae1fc43fb82bf34b3581cce95fc73258054e9b77fb70d480390ee5dea", size = 1459411, upload-time = "2025-05-21T08:51:06.769Z" },
    { url = "https://files.pythonhosted.org/packages/39/b5/57f747ac77964d3e00293cb131634939060e784c5e38f1ee8d06e264286a/xlwings-0.33.15-cp312-cp312-manylinux_2_17_armv7l.manylinux2014_armv7l.whl", hash = "sha256:82a9bb695e34214a372e2cd69f7575b56df5cccd82ce5725a9044388ab0a2e79", size = 1464965, upload-time = "2025-05-21T08:51:07.922Z" },
    { url = "https://files.pythonhosted.org/packages/05/bf/f472e82439c2b0b8f0428598fcf6873425affb35140e0713efce64603b2b/xlwings-0.33.15-cp312-cp312-manylinux_2_17_x86_64.manylinux2014_x86_64.whl", hash = "sha256:e59893d47ce5260a1481d6f3847c64f9b66097e43e30ecbec59ad2ac8dea50cf", size = 1466261, upload-time = "2025-05-21T08:51:09.109Z" },
    { url = "https://files.pythonhosted.org/packages/cf/58/a021494c0c84cbba73cf6778ebf9ae872d3ee3554c6be7c02c5727110de7/xlwings-0.33.15-cp312-cp312-musllinux_1_1_aarch64.whl", hash = "sha256:3e5b9aef017855014cdd370d39e93955242ebba9ede10c5068d4f9f7d82dfd87", size = 1638714, upload-time = "2025-05-21T08:51:10.255Z" },
    { url = "https://files.pythonhosted.org/packages/01/91/37fbd1cacb0b7a179708423aa2cf7d2a6240a41e46f5e328672f6890b714/xlwings-0.33.15-cp312-cp312-musllinux_1_1_x86_64.whl", hash = "sha256:dfa839518f310349637e6046196b8a320a1538ec090aaf52ca8198807954d148", size = 1637551, upload-time = "2025-05-21T08:51:11.875Z" },
    { url = "https://files.pythonhosted.org/packages/0f/e8/4079b6c57555376d58e25979e0f6a33751fb59034b64ccf7cb2a7d2e0732/xlwings-0.33.15-cp312-cp312-win_amd64.whl", hash = "sha256:a3caf75015b4009667255df9dba9fcacc150b175de57a14ba95aa77ed6a082b6", size = 1630875, upload-time = "2025-05-21T08:51:13.062Z" },
    { url = "https://files.pythonhosted.org/packages/b9/dd/c45acbe75fae1ec825e0da8e00d320398f960343927ec7eb6020254b51e8/xlwings-0.33.15-cp313-cp313-macosx_10_12_x86_64.whl", hash = "sha256:6042c620283325c80ba1341e59c1d128291df0bf4b8cb0b8e77d6ab9ac4fa5ee", size = 1414871, upload-time = "2025-05-21T08:51:14.236Z" },
    { url = "https://files.pythonhosted.org/packages/63/19/0d4c458c0d2f7124849fd06acc5ce6010090280dbf0f99a36845b5901238/xlwings-0.33.15-cp313-cp313-macosx_11_0_arm64.whl", hash = "sha256:48aba2431f7b470e838fac6d79e8a030cf98939e48b127e248ea79a5f21bb4e9", size = 1401453, upload-time = "2025-05-21T08:51:15.395Z" },
    { url = "https://files.pythonhosted.org/packages/ef/6b/9556746939f655d51d60d4ccfd04502d8460d0e872220c3df6bcd41d14c8/xlwings-0.33.15-cp313-cp313-manylinux_2_17_aarch64.manylinux2014_aarch64.whl", hash = "sha256:a81589fcabe92bf5a79aa7fc01221074b6c50e5a8b69a27e8fc28df365bd398b", size = 1459079, upload-time = "2025-05-21T08:51:16.602Z" },
    { url = "https://files.pythonhosted.org/packages/29/c6/fad054ed257f8a12e34ded0f629c413d1d52bd95d17cd0ab2560364622a4/xlwings-0.33.15-cp313-cp313-manylinux_2_17_armv7l.manylinux2014_armv7l.whl", hash = "sha256:106b0e33a8e2459c3cd76e3bba5f938876dc75c8a03aadd2f226ce3c6f9fe95b", size = 1464481, upload-time = "2025-05-21T08:51:17.8Z" },
    { url = "https://files.pythonhosted.org/packages/ed/32/7ba3cdb4d9c6df4657f160900ed609e7be718417ca24ff18fa40d97350e2/xlwings-0.33.15-cp313-cp313-manylinux_2_17_x86_64.manylinux2014_x86_64.whl", hash = "sha256:aea8fdfbf340d68b0c1f96abf6cd5688cb0d243df0893627a6c66283babda365", size = 1466001, upload-time = "2025-05-21T08:51:19.098Z" },
    { url = "https://files.pythonhosted.org/packages/d6/ee/85b28c143da1834215b5f0b0525c5d99fd01f0096f027e8f97d163c825d9/xlwings-0.33.15-cp313-cp313-musllinux_1_1_aarch64.whl", hash = "sha256:09c0090ae5ac42845430c1370d4798a882bbfdae6e36186918824b3b392da5d9", size = 1638238, upload-time = "2025-05-21T08:51:20.277Z" },
    { url = "https://files.pythonhosted.org/packages/43/8a/78275c61601b682ec69db0ec7c05e1b1043da729017c5a1ac2769787df81/xlwings-0.33.15-cp313-cp313-musllinux_1_1_x86_64.whl", hash = "sha256:390b9753040a44db35eb473cf818ae57145c49a9e7e5cb02c9fd750bdf3da583", size = 1637256, upload-time = "2025-05-21T08:51:21.447Z" },
    { url = "https://files.pythonhosted.org/packages/76/43/ed764fab5455676138578d6905c59674acf7f45eed3d451e8faf48c7c4b5/xlwings-0.33.15-cp313-cp313-win_amd64.whl", hash = "sha256:75b0dba6fea351421be00afcb00e218d7370c3e62c92c8207db2ca95500f5589", size = 1630573, upload-time = "2025-05-21T08:51:22.571Z" },
    { url = "https://files.pythonhosted.org/packages/db/5f/7a1cbfe8ff468efdcb6222ebb46ec606a209740b6d680f78ca2fa2114909/xlwings-0.33.15-py3-none-any.whl", hash = "sha256:84f1bf30bbb3f28dfab7140667cd1575efa016969a8a37e56a0cd7d77ee152e4", size = 732584, upload-time = "2025-05-21T08:51:36.018Z" },
]
